
Microsoft Visual Studio Solution File, Format Version 12.00
# Visual Studio Version 16
VisualStudioVersion = 16.0.33328.57
MinimumVisualStudioVersion = 10.0.40219.1
Project("{FAE04EC0-301F-11D3-BF4B-00C04F79EFBC}") = "IntroductionToCsharp", "IntroductionToCsharp\IntroductionToCsharp.csproj", "{5023701D-7A2E-4FAF-9BDC-2AC2F32DEB5A}"
EndProject
Global
	GlobalSection(SolutionConfigurationPlatforms) = preSolution
		Debug|Any CPU = Debug|Any CPU
		Release|Any CPU = Release|Any CPU
	EndGlobalSection
	GlobalSection(ProjectConfigurationPlatforms) = postSolution
		{5023701D-7A2E-4FAF-9BDC-2AC2F32DEB5A}.Debug|Any CPU.ActiveCfg = Debug|Any CPU
		{5023701D-7A2E-4FAF-9BDC-2AC2F32DEB5A}.Debug|Any CPU.Build.0 = Debug|Any CPU
		{5023701D-7A2E-4FAF-9BDC-2AC2F32DEB5A}.Release|Any CPU.ActiveCfg = Release|Any CPU
		{5023701D-7A2E-4FAF-9BDC-2AC2F32DEB5A}.Release|Any CPU.Build.0 = Release|Any CPU
	EndGlobalSection
	GlobalSection(SolutionProperties) = preSolution
		HideSolutionNode = FALSE
	EndGlobalSection
	GlobalSection(ExtensibilityGlobals) = postSolution
		SolutionGuid = {43E6D41C-DC08-4E81-918B-6A5E2157922D}
	EndGlobalSection
EndGlobal
